
Microsoft Visual Studio Solution File, Format Version 12.00
# Visual Studio Version 17
VisualStudioVersion = 17.1.32328.378
MinimumVisualStudioVersion = 10.0.40219.1
Project("{FAE04EC0-301F-11D3-BF4B-00C04F79EFBC}") = "P2_2019AM604_2018PR603", "P2_2019AM604_2018PR603\P2_2019AM604_2018PR603.csproj", "{D4210AE1-33CF-4FFD-B190-F99594BE39D1}"
EndProject
Global
	GlobalSection(SolutionConfigurationPlatforms) = preSolution
		Debug|Any CPU = Debug|Any CPU
		Release|Any CPU = Release|Any CPU
	EndGlobalSection
	GlobalSection(ProjectConfigurationPlatforms) = postSolution
		{D4210AE1-33CF-4FFD-B190-F99594BE39D1}.Debug|Any CPU.ActiveCfg = Debug|Any CPU
		{D4210AE1-33CF-4FFD-B190-F99594BE39D1}.Debug|Any CPU.Build.0 = Debug|Any CPU
		{D4210AE1-33CF-4FFD-B190-F99594BE39D1}.Release|Any CPU.ActiveCfg = Release|Any CPU
		{D4210AE1-33CF-4FFD-B190-F99594BE39D1}.Release|Any CPU.Build.0 = Release|Any CPU
	EndGlobalSection
	GlobalSection(SolutionProperties) = preSolution
		HideSolutionNode = FALSE
	EndGlobalSection
	GlobalSection(ExtensibilityGlobals) = postSolution
		SolutionGuid = {54BB3F18-AB01-48B7-834A-3A7B731CA440}
	EndGlobalSection
EndGlobal
